// !$*UTF8*$!
{
	archiveVersion = 1;
	classes = {
	};
	objectVersion = 56;
	objects = {

/* Begin PBXBuildFile section */
		4E15BE397BB4EAC00908FA1B /* Pods_KwiksSandboxx.framework in Frameworks */ = {isa = PBXBuildFile; fileRef = 857AA6706AF600D75B996DC5 /* Pods_KwiksSandboxx.framework */; };
		E347447329DB610700E64B68 /* MessagesHeader.swift in Sources */ = {isa = PBXBuildFile; fileRef = E347447229DB610700E64B68 /* MessagesHeader.swift */; };
		E347447629DB641B00E64B68 /* Extensions.swift in Sources */ = {isa = PBXBuildFile; fileRef = E347447529DB641B00E64B68 /* Extensions.swift */; };
		E347447929DB736A00E64B68 /* MessagesTable.swift in Sources */ = {isa = PBXBuildFile; fileRef = E347447829DB736A00E64B68 /* MessagesTable.swift */; };
		E347447C29DB7E6000E64B68 /* woman_stock.jpg in Resources */ = {isa = PBXBuildFile; fileRef = E347447B29DB7E6000E64B68 /* woman_stock.jpg */; };
		E347448029DB8E0500E64B68 /* Group 1000007151@2x.png in Resources */ = {isa = PBXBuildFile; fileRef = E347447D29DB8E0500E64B68 /* Group 1000007151@2x.png */; };
		E347448129DB8E0500E64B68 /* Group 1000007151@1x.png in Resources */ = {isa = PBXBuildFile; fileRef = E347447E29DB8E0500E64B68 /* Group 1000007151@1x.png */; };
		E347448229DB8E0500E64B68 /* Group 1000007151@3x.png in Resources */ = {isa = PBXBuildFile; fileRef = E347447F29DB8E0500E64B68 /* Group 1000007151@3x.png */; };
		E347448529DB9BDF00E64B68 /* ChatMain.swift in Sources */ = {isa = PBXBuildFile; fileRef = E347448429DB9BDF00E64B68 /* ChatMain.swift */; };
		E347448729DB9EA500E64B68 /* ChatHeader.swift in Sources */ = {isa = PBXBuildFile; fileRef = E347448629DB9EA500E64B68 /* ChatHeader.swift */; };
		E347448929DBA70B00E64B68 /* ChatCollection.swift in Sources */ = {isa = PBXBuildFile; fileRef = E347448829DBA70B00E64B68 /* ChatCollection.swift */; };
		E347448B29DBAA4000E64B68 /* RequestView.swift in Sources */ = {isa = PBXBuildFile; fileRef = E347448A29DBAA4000E64B68 /* RequestView.swift */; };
		E347448F29DCB3B400E64B68 /* new_convo_icon@1x.png in Resources */ = {isa = PBXBuildFile; fileRef = E347448C29DCB3B400E64B68 /* new_convo_icon@1x.png */; };
		E347449029DCB3B400E64B68 /* new_convo_icon@2x.png in Resources */ = {isa = PBXBuildFile; fileRef = E347448D29DCB3B400E64B68 /* new_convo_icon@2x.png */; };
		E347449129DCB3B400E64B68 /* new_convo_icon@3x.png in Resources */ = {isa = PBXBuildFile; fileRef = E347448E29DCB3B400E64B68 /* new_convo_icon@3x.png */; };
		E347449529DCB3BC00E64B68 /* mag_icon_header@3x.png in Resources */ = {isa = PBXBuildFile; fileRef = E347449229DCB3BC00E64B68 /* mag_icon_header@3x.png */; };
		E347449629DCB3BC00E64B68 /* mag_icon_header@1x.png in Resources */ = {isa = PBXBuildFile; fileRef = E347449329DCB3BC00E64B68 /* mag_icon_header@1x.png */; };
		E347449729DCB3BC00E64B68 /* mag_icon_header@2x.png in Resources */ = {isa = PBXBuildFile; fileRef = E347449429DCB3BC00E64B68 /* mag_icon_header@2x.png */; };
		E347449B29DCB3C300E64B68 /* trash_icon_white@1x.png in Resources */ = {isa = PBXBuildFile; fileRef = E347449829DCB3C200E64B68 /* trash_icon_white@1x.png */; };
		E347449C29DCB3C300E64B68 /* trash_icon_white@2x.png in Resources */ = {isa = PBXBuildFile; fileRef = E347449929DCB3C200E64B68 /* trash_icon_white@2x.png */; };
		E347449D29DCB3C300E64B68 /* trash_icon_white@3x.png in Resources */ = {isa = PBXBuildFile; fileRef = E347449A29DCB3C200E64B68 /* trash_icon_white@3x.png */; };
		E34744A129DCB3CA00E64B68 /* white_pin_large_tableview@3x.png in Resources */ = {isa = PBXBuildFile; fileRef = E347449E29DCB3CA00E64B68 /* white_pin_large_tableview@3x.png */; };
		E34744A229DCB3CA00E64B68 /* white_pin_large_tableview@2x.png in Resources */ = {isa = PBXBuildFile; fileRef = E347449F29DCB3CA00E64B68 /* white_pin_large_tableview@2x.png */; };
		E34744A329DCB3CA00E64B68 /* white_pin_large_tableview@1x.png in Resources */ = {isa = PBXBuildFile; fileRef = E34744A029DCB3CA00E64B68 /* white_pin_large_tableview@1x.png */; };
		E34744A729DCB3D100E64B68 /* three_dots_horizontal@3x.png in Resources */ = {isa = PBXBuildFile; fileRef = E34744A429DCB3D100E64B68 /* three_dots_horizontal@3x.png */; };
		E34744A829DCB3D100E64B68 /* three_dots_horizontal@1x.png in Resources */ = {isa = PBXBuildFile; fileRef = E34744A529DCB3D100E64B68 /* three_dots_horizontal@1x.png */; };
		E34744A929DCB3D100E64B68 /* three_dots_horizontal@2x.png in Resources */ = {isa = PBXBuildFile; fileRef = E34744A629DCB3D100E64B68 /* three_dots_horizontal@2x.png */; };
		E34744AD29DCB3D800E64B68 /* message_pin_icon@3x.png in Resources */ = {isa = PBXBuildFile; fileRef = E34744AA29DCB3D800E64B68 /* message_pin_icon@3x.png */; };
		E34744AE29DCB3D800E64B68 /* message_pin_icon@1x.png in Resources */ = {isa = PBXBuildFile; fileRef = E34744AB29DCB3D800E64B68 /* message_pin_icon@1x.png */; };
		E34744AF29DCB3D800E64B68 /* message_pin_icon@2x.png in Resources */ = {isa = PBXBuildFile; fileRef = E34744AC29DCB3D800E64B68 /* message_pin_icon@2x.png */; };
		E34744B329DCB49F00E64B68 /* back_icon_final@3x.png in Resources */ = {isa = PBXBuildFile; fileRef = E34744B029DCB49F00E64B68 /* back_icon_final@3x.png */; };
		E34744B429DCB49F00E64B68 /* back_icon_final@1x.png in Resources */ = {isa = PBXBuildFile; fileRef = E34744B129DCB49F00E64B68 /* back_icon_final@1x.png */; };
		E34744B529DCB49F00E64B68 /* back_icon_final@2x.png in Resources */ = {isa = PBXBuildFile; fileRef = E34744B229DCB49F00E64B68 /* back_icon_final@2x.png */; };
		E35676D529AD182F003B5E9A /* AppDelegate.swift in Sources */ = {isa = PBXBuildFile; fileRef = E35676D429AD182F003B5E9A /* AppDelegate.swift */; };
		E35676D729AD182F003B5E9A /* SceneDelegate.swift in Sources */ = {isa = PBXBuildFile; fileRef = E35676D629AD182F003B5E9A /* SceneDelegate.swift */; };
		E35676D929AD182F003B5E9A /* MessagesContainer.swift in Sources */ = {isa = PBXBuildFile; fileRef = E35676D829AD182F003B5E9A /* MessagesContainer.swift */; };
		E35676DE29AD1831003B5E9A /* Assets.xcassets in Resources */ = {isa = PBXBuildFile; fileRef = E35676DD29AD1831003B5E9A /* Assets.xcassets */; };
		E35676E129AD1831003B5E9A /* LaunchScreen.storyboard in Resources */ = {isa = PBXBuildFile; fileRef = E35676DF29AD1831003B5E9A /* LaunchScreen.storyboard */; };
		E365516529C7A79B00F3D37E /* FadingCollection.swift in Sources */ = {isa = PBXBuildFile; fileRef = E365516429C7A79B00F3D37E /* FadingCollection.swift */; };
		E365516829C7A7D000F3D37E /* FadeController.swift in Sources */ = {isa = PBXBuildFile; fileRef = E365516729C7A7D000F3D37E /* FadeController.swift */; };
		E365516A29C7B16F00F3D37E /* Layout.swift in Sources */ = {isa = PBXBuildFile; fileRef = E365516929C7B16F00F3D37E /* Layout.swift */; };
		E365516D29CB6D0500F3D37E /* KwiksAlert.swift in Sources */ = {isa = PBXBuildFile; fileRef = E365516C29CB6D0500F3D37E /* KwiksAlert.swift */; };
		E3D0831929D72ADB00CE82D9 /* ColorSheet.swift in Sources */ = {isa = PBXBuildFile; fileRef = E3D0831829D72ADB00CE82D9 /* ColorSheet.swift */; };
		E3D0832729D734A200CE82D9 /* Segoe UI Italic.ttf in Resources */ = {isa = PBXBuildFile; fileRef = E3D0832329D734A200CE82D9 /* Segoe UI Italic.ttf */; };
		E3D0832829D734A200CE82D9 /* Segoe UI Bold Italic.ttf in Resources */ = {isa = PBXBuildFile; fileRef = E3D0832429D734A200CE82D9 /* Segoe UI Bold Italic.ttf */; };
		E3D0832929D734A200CE82D9 /* Segoe UI Bold.ttf in Resources */ = {isa = PBXBuildFile; fileRef = E3D0832529D734A200CE82D9 /* Segoe UI Bold.ttf */; };
		E3D0832A29D734A200CE82D9 /* Segoe UI.ttf in Resources */ = {isa = PBXBuildFile; fileRef = E3D0832629D734A200CE82D9 /* Segoe UI.ttf */; };
		E3D0832C29D73F5900CE82D9 /* segoeui-semibold.ttf in Resources */ = {isa = PBXBuildFile; fileRef = E3D0832B29D73F5900CE82D9 /* segoeui-semibold.ttf */; };
/* End PBXBuildFile section */

/* Begin PBXFileReference section */
		1C41B1830F67B1F20B44BD5C /* Pods-KwiksSandboxx.release.xcconfig */ = {isa = PBXFileReference; includeInIndex = 1; lastKnownFileType = text.xcconfig; name = "Pods-KwiksSandboxx.release.xcconfig"; path = "Target Support Files/Pods-KwiksSandboxx/Pods-KwiksSandboxx.release.xcconfig"; sourceTree = "<group>"; };
		35C8784C83C9B8DCE945FC54 /* Pods-KwiksSandboxx.debug.xcconfig */ = {isa = PBXFileReference; includeInIndex = 1; lastKnownFileType = text.xcconfig; name = "Pods-KwiksSandboxx.debug.xcconfig"; path = "Target Support Files/Pods-KwiksSandboxx/Pods-KwiksSandboxx.debug.xcconfig"; sourceTree = "<group>"; };
		857AA6706AF600D75B996DC5 /* Pods_KwiksSandboxx.framework */ = {isa = PBXFileReference; explicitFileType = wrapper.framework; includeInIndex = 0; path = Pods_KwiksSandboxx.framework; sourceTree = BUILT_PRODUCTS_DIR; };
		E347447229DB610700E64B68 /* MessagesHeader.swift */ = {isa = PBXFileReference; lastKnownFileType = sourcecode.swift; path = MessagesHeader.swift; sourceTree = "<group>"; };
		E347447529DB641B00E64B68 /* Extensions.swift */ = {isa = PBXFileReference; lastKnownFileType = sourcecode.swift; path = Extensions.swift; sourceTree = "<group>"; };
		E347447829DB736A00E64B68 /* MessagesTable.swift */ = {isa = PBXFileReference; lastKnownFileType = sourcecode.swift; path = MessagesTable.swift; sourceTree = "<group>"; wrapsLines = 0; };
		E347447B29DB7E6000E64B68 /* woman_stock.jpg */ = {isa = PBXFileReference; lastKnownFileType = image.jpeg; path = woman_stock.jpg; sourceTree = "<group>"; };
		E347447D29DB8E0500E64B68 /* Group 1000007151@2x.png */ = {isa = PBXFileReference; lastKnownFileType = image.png; path = "Group 1000007151@2x.png"; sourceTree = "<group>"; };
		E347447E29DB8E0500E64B68 /* Group 1000007151@1x.png */ = {isa = PBXFileReference; lastKnownFileType = image.png; path = "Group 1000007151@1x.png"; sourceTree = "<group>"; };
		E347447F29DB8E0500E64B68 /* Group 1000007151@3x.png */ = {isa = PBXFileReference; lastKnownFileType = image.png; path = "Group 1000007151@3x.png"; sourceTree = "<group>"; };
		E347448429DB9BDF00E64B68 /* ChatMain.swift */ = {isa = PBXFileReference; lastKnownFileType = sourcecode.swift; path = ChatMain.swift; sourceTree = "<group>"; };
		E347448629DB9EA500E64B68 /* ChatHeader.swift */ = {isa = PBXFileReference; lastKnownFileType = sourcecode.swift; path = ChatHeader.swift; sourceTree = "<group>"; };
		E347448829DBA70B00E64B68 /* ChatCollection.swift */ = {isa = PBXFileReference; lastKnownFileType = sourcecode.swift; path = ChatCollection.swift; sourceTree = "<group>"; };
		E347448A29DBAA4000E64B68 /* RequestView.swift */ = {isa = PBXFileReference; lastKnownFileType = sourcecode.swift; path = RequestView.swift; sourceTree = "<group>"; };
		E347448C29DCB3B400E64B68 /* new_convo_icon@1x.png */ = {isa = PBXFileReference; lastKnownFileType = image.png; path = "new_convo_icon@1x.png"; sourceTree = "<group>"; };
		E347448D29DCB3B400E64B68 /* new_convo_icon@2x.png */ = {isa = PBXFileReference; lastKnownFileType = image.png; path = "new_convo_icon@2x.png"; sourceTree = "<group>"; };
		E347448E29DCB3B400E64B68 /* new_convo_icon@3x.png */ = {isa = PBXFileReference; lastKnownFileType = image.png; path = "new_convo_icon@3x.png"; sourceTree = "<group>"; };
		E347449229DCB3BC00E64B68 /* mag_icon_header@3x.png */ = {isa = PBXFileReference; lastKnownFileType = image.png; path = "mag_icon_header@3x.png"; sourceTree = "<group>"; };
		E347449329DCB3BC00E64B68 /* mag_icon_header@1x.png */ = {isa = PBXFileReference; lastKnownFileType = image.png; path = "mag_icon_header@1x.png"; sourceTree = "<group>"; };
		E347449429DCB3BC00E64B68 /* mag_icon_header@2x.png */ = {isa = PBXFileReference; lastKnownFileType = image.png; path = "mag_icon_header@2x.png"; sourceTree = "<group>"; };
		E347449829DCB3C200E64B68 /* trash_icon_white@1x.png */ = {isa = PBXFileReference; lastKnownFileType = image.png; path = "trash_icon_white@1x.png"; sourceTree = "<group>"; };
		E347449929DCB3C200E64B68 /* trash_icon_white@2x.png */ = {isa = PBXFileReference; lastKnownFileType = image.png; path = "trash_icon_white@2x.png"; sourceTree = "<group>"; };
		E347449A29DCB3C200E64B68 /* trash_icon_white@3x.png */ = {isa = PBXFileReference; lastKnownFileType = image.png; path = "trash_icon_white@3x.png"; sourceTree = "<group>"; };
		E347449E29DCB3CA00E64B68 /* white_pin_large_tableview@3x.png */ = {isa = PBXFileReference; lastKnownFileType = image.png; path = "white_pin_large_tableview@3x.png"; sourceTree = "<group>"; };
		E347449F29DCB3CA00E64B68 /* white_pin_large_tableview@2x.png */ = {isa = PBXFileReference; lastKnownFileType = image.png; path = "white_pin_large_tableview@2x.png"; sourceTree = "<group>"; };
		E34744A029DCB3CA00E64B68 /* white_pin_large_tableview@1x.png */ = {isa = PBXFileReference; lastKnownFileType = image.png; path = "white_pin_large_tableview@1x.png"; sourceTree = "<group>"; };
		E34744A429DCB3D100E64B68 /* three_dots_horizontal@3x.png */ = {isa = PBXFileReference; lastKnownFileType = image.png; path = "three_dots_horizontal@3x.png"; sourceTree = "<group>"; };
		E34744A529DCB3D100E64B68 /* three_dots_horizontal@1x.png */ = {isa = PBXFileReference; lastKnownFileType = image.png; path = "three_dots_horizontal@1x.png"; sourceTree = "<group>"; };
		E34744A629DCB3D100E64B68 /* three_dots_horizontal@2x.png */ = {isa = PBXFileReference; lastKnownFileType = image.png; path = "three_dots_horizontal@2x.png"; sourceTree = "<group>"; };
		E34744AA29DCB3D800E64B68 /* message_pin_icon@3x.png */ = {isa = PBXFileReference; lastKnownFileType = image.png; path = "message_pin_icon@3x.png"; sourceTree = "<group>"; };
		E34744AB29DCB3D800E64B68 /* message_pin_icon@1x.png */ = {isa = PBXFileReference; lastKnownFileType = image.png; path = "message_pin_icon@1x.png"; sourceTree = "<group>"; };
		E34744AC29DCB3D800E64B68 /* message_pin_icon@2x.png */ = {isa = PBXFileReference; lastKnownFileType = image.png; path = "message_pin_icon@2x.png"; sourceTree = "<group>"; };
		E34744B029DCB49F00E64B68 /* back_icon_final@3x.png */ = {isa = PBXFileReference; lastKnownFileType = image.png; path = "back_icon_final@3x.png"; sourceTree = "<group>"; };
		E34744B129DCB49F00E64B68 /* back_icon_final@1x.png */ = {isa = PBXFileReference; lastKnownFileType = image.png; path = "back_icon_final@1x.png"; sourceTree = "<group>"; };
		E34744B229DCB49F00E64B68 /* back_icon_final@2x.png */ = {isa = PBXFileReference; lastKnownFileType = image.png; path = "back_icon_final@2x.png"; sourceTree = "<group>"; };
		E35676D129AD182F003B5E9A /* KwiksSandboxx.app */ = {isa = PBXFileReference; explicitFileType = wrapper.application; includeInIndex = 0; path = KwiksSandboxx.app; sourceTree = BUILT_PRODUCTS_DIR; };
		E35676D429AD182F003B5E9A /* AppDelegate.swift */ = {isa = PBXFileReference; lastKnownFileType = sourcecode.swift; path = AppDelegate.swift; sourceTree = "<group>"; };
		E35676D629AD182F003B5E9A /* SceneDelegate.swift */ = {isa = PBXFileReference; lastKnownFileType = sourcecode.swift; path = SceneDelegate.swift; sourceTree = "<group>"; };
		E35676D829AD182F003B5E9A /* MessagesContainer.swift */ = {isa = PBXFileReference; lastKnownFileType = sourcecode.swift; path = MessagesContainer.swift; sourceTree = "<group>"; };
		E35676DD29AD1831003B5E9A /* Assets.xcassets */ = {isa = PBXFileReference; lastKnownFileType = folder.assetcatalog; path = Assets.xcassets; sourceTree = "<group>"; };
		E35676E029AD1831003B5E9A /* Base */ = {isa = PBXFileReference; lastKnownFileType = file.storyboard; name = Base; path = Base.lproj/LaunchScreen.storyboard; sourceTree = "<group>"; };
		E35676E229AD1831003B5E9A /* Info.plist */ = {isa = PBXFileReference; lastKnownFileType = text.plist.xml; path = Info.plist; sourceTree = "<group>"; };
		E365516429C7A79B00F3D37E /* FadingCollection.swift */ = {isa = PBXFileReference; lastKnownFileType = sourcecode.swift; path = FadingCollection.swift; sourceTree = "<group>"; };
		E365516729C7A7D000F3D37E /* FadeController.swift */ = {isa = PBXFileReference; lastKnownFileType = sourcecode.swift; path = FadeController.swift; sourceTree = "<group>"; };
		E365516929C7B16F00F3D37E /* Layout.swift */ = {isa = PBXFileReference; lastKnownFileType = sourcecode.swift; path = Layout.swift; sourceTree = "<group>"; };
		E365516C29CB6D0500F3D37E /* KwiksAlert.swift */ = {isa = PBXFileReference; lastKnownFileType = sourcecode.swift; path = KwiksAlert.swift; sourceTree = "<group>"; };
		E3D0831829D72ADB00CE82D9 /* ColorSheet.swift */ = {isa = PBXFileReference; lastKnownFileType = sourcecode.swift; path = ColorSheet.swift; sourceTree = "<group>"; };
		E3D0832329D734A200CE82D9 /* Segoe UI Italic.ttf */ = {isa = PBXFileReference; lastKnownFileType = file; name = "Segoe UI Italic.ttf"; path = "../../../../iOS Helpers/segoe-ui-4-cufonfonts/Segoe UI Italic.ttf"; sourceTree = "<group>"; };
		E3D0832429D734A200CE82D9 /* Segoe UI Bold Italic.ttf */ = {isa = PBXFileReference; lastKnownFileType = file; name = "Segoe UI Bold Italic.ttf"; path = "../../../../iOS Helpers/segoe-ui-4-cufonfonts/Segoe UI Bold Italic.ttf"; sourceTree = "<group>"; };
		E3D0832529D734A200CE82D9 /* Segoe UI Bold.ttf */ = {isa = PBXFileReference; lastKnownFileType = file; name = "Segoe UI Bold.ttf"; path = "../../../../iOS Helpers/segoe-ui-4-cufonfonts/Segoe UI Bold.ttf"; sourceTree = "<group>"; };
		E3D0832629D734A200CE82D9 /* Segoe UI.ttf */ = {isa = PBXFileReference; lastKnownFileType = file; name = "Segoe UI.ttf"; path = "../../../../iOS Helpers/segoe-ui-4-cufonfonts/Segoe UI.ttf"; sourceTree = "<group>"; };
		E3D0832B29D73F5900CE82D9 /* segoeui-semibold.ttf */ = {isa = PBXFileReference; lastKnownFileType = file; path = "segoeui-semibold.ttf"; sourceTree = "<group>"; };
/* End PBXFileReference section */

/* Begin PBXFrameworksBuildPhase section */
		E35676CE29AD182F003B5E9A /* Frameworks */ = {
			isa = PBXFrameworksBuildPhase;
			buildActionMask = 2147483647;
			files = (
				4E15BE397BB4EAC00908FA1B /* Pods_KwiksSandboxx.framework in Frameworks */,
			);
			runOnlyForDeploymentPostprocessing = 0;
		};
/* End PBXFrameworksBuildPhase section */

/* Begin PBXGroup section */
		059D93620D8CDFD4B89EDD8C /* Frameworks */ = {
			isa = PBXGroup;
			children = (
				857AA6706AF600D75B996DC5 /* Pods_KwiksSandboxx.framework */,
			);
			name = Frameworks;
			sourceTree = "<group>";
		};
		E347447429DB610A00E64B68 /* MessagesGroup */ = {
			isa = PBXGroup;
			children = (
				E347447229DB610700E64B68 /* MessagesHeader.swift */,
				E35676D829AD182F003B5E9A /* MessagesContainer.swift */,
				E347447829DB736A00E64B68 /* MessagesTable.swift */,
			);
			path = MessagesGroup;
			sourceTree = "<group>";
		};
		E347447A29DB7E5900E64B68 /* icons */ = {
			isa = PBXGroup;
			children = (
				E34744B129DCB49F00E64B68 /* back_icon_final@1x.png */,
				E34744B229DCB49F00E64B68 /* back_icon_final@2x.png */,
				E34744B029DCB49F00E64B68 /* back_icon_final@3x.png */,
				E34744AB29DCB3D800E64B68 /* message_pin_icon@1x.png */,
				E34744AC29DCB3D800E64B68 /* message_pin_icon@2x.png */,
				E34744AA29DCB3D800E64B68 /* message_pin_icon@3x.png */,
				E34744A529DCB3D100E64B68 /* three_dots_horizontal@1x.png */,
				E34744A629DCB3D100E64B68 /* three_dots_horizontal@2x.png */,
				E34744A429DCB3D100E64B68 /* three_dots_horizontal@3x.png */,
				E34744A029DCB3CA00E64B68 /* white_pin_large_tableview@1x.png */,
				E347449F29DCB3CA00E64B68 /* white_pin_large_tableview@2x.png */,
				E347449E29DCB3CA00E64B68 /* white_pin_large_tableview@3x.png */,
				E347449829DCB3C200E64B68 /* trash_icon_white@1x.png */,
				E347449929DCB3C200E64B68 /* trash_icon_white@2x.png */,
				E347449A29DCB3C200E64B68 /* trash_icon_white@3x.png */,
				E347449329DCB3BC00E64B68 /* mag_icon_header@1x.png */,
				E347449429DCB3BC00E64B68 /* mag_icon_header@2x.png */,
				E347449229DCB3BC00E64B68 /* mag_icon_header@3x.png */,
				E347448C29DCB3B400E64B68 /* new_convo_icon@1x.png */,
				E347448D29DCB3B400E64B68 /* new_convo_icon@2x.png */,
				E347448E29DCB3B400E64B68 /* new_convo_icon@3x.png */,
				E347447B29DB7E6000E64B68 /* woman_stock.jpg */,
				E347447E29DB8E0500E64B68 /* Group 1000007151@1x.png */,
				E347447D29DB8E0500E64B68 /* Group 1000007151@2x.png */,
				E347447F29DB8E0500E64B68 /* Group 1000007151@3x.png */,
			);
			path = icons;
			sourceTree = "<group>";
		};
		E347448329DB9BCF00E64B68 /* ChatGroup */ = {
			isa = PBXGroup;
			children = (
				E347448429DB9BDF00E64B68 /* ChatMain.swift */,
				E347448629DB9EA500E64B68 /* ChatHeader.swift */,
				E347448829DBA70B00E64B68 /* ChatCollection.swift */,
				E347448A29DBAA4000E64B68 /* RequestView.swift */,
			);
			path = ChatGroup;
			sourceTree = "<group>";
		};
		E35676C829AD182F003B5E9A = {
			isa = PBXGroup;
			children = (
				E35676D329AD182F003B5E9A /* KwiksSandboxx */,
				E35676D229AD182F003B5E9A /* Products */,
				ED9CD20F0A4E944641598103 /* Pods */,
				059D93620D8CDFD4B89EDD8C /* Frameworks */,
			);
			sourceTree = "<group>";
		};
		E35676D229AD182F003B5E9A /* Products */ = {
			isa = PBXGroup;
			children = (
				E35676D129AD182F003B5E9A /* KwiksSandboxx.app */,
			);
			name = Products;
			sourceTree = "<group>";
		};
		E35676D329AD182F003B5E9A /* KwiksSandboxx */ = {
			isa = PBXGroup;
			children = (
				E3D0831A29D72D5100CE82D9 /* assets */,
				E3D0831729D72ACB00CE82D9 /* Extensions */,
				E3D0831629D729AD00CE82D9 /* ChatGroup */,
				E365516B29CB6CED00F3D37E /* ErrorSuccessHandling */,
				E35676D429AD182F003B5E9A /* AppDelegate.swift */,
				E35676D629AD182F003B5E9A /* SceneDelegate.swift */,
				E35676DD29AD1831003B5E9A /* Assets.xcassets */,
				E35676DF29AD1831003B5E9A /* LaunchScreen.storyboard */,
				E35676E229AD1831003B5E9A /* Info.plist */,
				E365516429C7A79B00F3D37E /* FadingCollection.swift */,
				E365516729C7A7D000F3D37E /* FadeController.swift */,
				E365516929C7B16F00F3D37E /* Layout.swift */,
			);
			path = KwiksSandboxx;
			sourceTree = "<group>";
		};
		E365516B29CB6CED00F3D37E /* ErrorSuccessHandling */ = {
			isa = PBXGroup;
			children = (
				E365516C29CB6D0500F3D37E /* KwiksAlert.swift */,
			);
			path = ErrorSuccessHandling;
			sourceTree = "<group>";
		};
		E3D0831629D729AD00CE82D9 /* ChatGroup */ = {
			isa = PBXGroup;
			children = (
				E347447529DB641B00E64B68 /* Extensions.swift */,
				E347448329DB9BCF00E64B68 /* ChatGroup */,
				E347447429DB610A00E64B68 /* MessagesGroup */,
			);
			path = ChatGroup;
			sourceTree = "<group>";
		};
		E3D0831729D72ACB00CE82D9 /* Extensions */ = {
			isa = PBXGroup;
			children = (
				E3D0831829D72ADB00CE82D9 /* ColorSheet.swift */,
			);
			path = Extensions;
			sourceTree = "<group>";
		};
		E3D0831A29D72D5100CE82D9 /* assets */ = {
			isa = PBXGroup;
			children = (
				E347447A29DB7E5900E64B68 /* icons */,
				E3D0832B29D73F5900CE82D9 /* segoeui-semibold.ttf */,
				E3D0832429D734A200CE82D9 /* Segoe UI Bold Italic.ttf */,
				E3D0832529D734A200CE82D9 /* Segoe UI Bold.ttf */,
				E3D0832329D734A200CE82D9 /* Segoe UI Italic.ttf */,
				E3D0832629D734A200CE82D9 /* Segoe UI.ttf */,
			);
			path = assets;
			sourceTree = "<group>";
		};
		ED9CD20F0A4E944641598103 /* Pods */ = {
			isa = PBXGroup;
			children = (
				35C8784C83C9B8DCE945FC54 /* Pods-KwiksSandboxx.debug.xcconfig */,
				1C41B1830F67B1F20B44BD5C /* Pods-KwiksSandboxx.release.xcconfig */,
			);
			path = Pods;
			sourceTree = "<group>";
		};
/* End PBXGroup section */

/* Begin PBXNativeTarget section */
		E35676D029AD182F003B5E9A /* KwiksSandboxx */ = {
			isa = PBXNativeTarget;
			buildConfigurationList = E35676E529AD1831003B5E9A /* Build configuration list for PBXNativeTarget "KwiksSandboxx" */;
			buildPhases = (
				1D9B4E2FA0B1874C10E05206 /* [CP] Check Pods Manifest.lock */,
				E35676CD29AD182F003B5E9A /* Sources */,
				E35676CE29AD182F003B5E9A /* Frameworks */,
				E35676CF29AD182F003B5E9A /* Resources */,
				0DB42F669EB282B316E38B91 /* [CP] Embed Pods Frameworks */,
			);
			buildRules = (
			);
			dependencies = (
			);
			name = KwiksSandboxx;
			productName = KwiksSandboxx;
			productReference = E35676D129AD182F003B5E9A /* KwiksSandboxx.app */;
			productType = "com.apple.product-type.application";
		};
/* End PBXNativeTarget section */

/* Begin PBXProject section */
		E35676C929AD182F003B5E9A /* Project object */ = {
			isa = PBXProject;
			attributes = {
				BuildIndependentTargetsInParallel = 1;
				LastSwiftUpdateCheck = 1400;
				LastUpgradeCheck = 1400;
				TargetAttributes = {
					E35676D029AD182F003B5E9A = {
						CreatedOnToolsVersion = 14.0.1;
					};
				};
			};
			buildConfigurationList = E35676CC29AD182F003B5E9A /* Build configuration list for PBXProject "KwiksSandboxx" */;
			compatibilityVersion = "Xcode 14.0";
			developmentRegion = en;
			hasScannedForEncodings = 0;
			knownRegions = (
				en,
				Base,
			);
			mainGroup = E35676C829AD182F003B5E9A;
			productRefGroup = E35676D229AD182F003B5E9A /* Products */;
			projectDirPath = "";
			projectRoot = "";
			targets = (
				E35676D029AD182F003B5E9A /* KwiksSandboxx */,
			);
		};
/* End PBXProject section */

/* Begin PBXResourcesBuildPhase section */
		E35676CF29AD182F003B5E9A /* Resources */ = {
			isa = PBXResourcesBuildPhase;
			buildActionMask = 2147483647;
			files = (
				E3D0832729D734A200CE82D9 /* Segoe UI Italic.ttf in Resources */,
				E347449B29DCB3C300E64B68 /* trash_icon_white@1x.png in Resources */,
				E34744B329DCB49F00E64B68 /* back_icon_final@3x.png in Resources */,
				E34744AE29DCB3D800E64B68 /* message_pin_icon@1x.png in Resources */,
				E3D0832C29D73F5900CE82D9 /* segoeui-semibold.ttf in Resources */,
				E34744A929DCB3D100E64B68 /* three_dots_horizontal@2x.png in Resources */,
				E35676E129AD1831003B5E9A /* LaunchScreen.storyboard in Resources */,
				E34744A729DCB3D100E64B68 /* three_dots_horizontal@3x.png in Resources */,
				E347449529DCB3BC00E64B68 /* mag_icon_header@3x.png in Resources */,
				E347448029DB8E0500E64B68 /* Group 1000007151@2x.png in Resources */,
				E34744A229DCB3CA00E64B68 /* white_pin_large_tableview@2x.png in Resources */,
				E347447C29DB7E6000E64B68 /* woman_stock.jpg in Resources */,
				E347449C29DCB3C300E64B68 /* trash_icon_white@2x.png in Resources */,
				E3D0832929D734A200CE82D9 /* Segoe UI Bold.ttf in Resources */,
				E34744B429DCB49F00E64B68 /* back_icon_final@1x.png in Resources */,
				E347449629DCB3BC00E64B68 /* mag_icon_header@1x.png in Resources */,
				E347449029DCB3B400E64B68 /* new_convo_icon@2x.png in Resources */,
				E347449D29DCB3C300E64B68 /* trash_icon_white@3x.png in Resources */,
				E3D0832829D734A200CE82D9 /* Segoe UI Bold Italic.ttf in Resources */,
				E3D0832A29D734A200CE82D9 /* Segoe UI.ttf in Resources */,
				E35676DE29AD1831003B5E9A /* Assets.xcassets in Resources */,
				E34744B529DCB49F00E64B68 /* back_icon_final@2x.png in Resources */,
				E34744AF29DCB3D800E64B68 /* message_pin_icon@2x.png in Resources */,
				E347448229DB8E0500E64B68 /* Group 1000007151@3x.png in Resources */,
				E34744AD29DCB3D800E64B68 /* message_pin_icon@3x.png in Resources */,
				E34744A329DCB3CA00E64B68 /* white_pin_large_tableview@1x.png in Resources */,
				E34744A129DCB3CA00E64B68 /* white_pin_large_tableview@3x.png in Resources */,
				E347448129DB8E0500E64B68 /* Group 1000007151@1x.png in Resources */,
				E347449729DCB3BC00E64B68 /* mag_icon_header@2x.png in Resources */,
				E34744A829DCB3D100E64B68 /* three_dots_horizontal@1x.png in Resources */,
				E347448F29DCB3B400E64B68 /* new_convo_icon@1x.png in Resources */,
				E347449129DCB3B400E64B68 /* new_convo_icon@3x.png in Resources */,
			);
			runOnlyForDeploymentPostprocessing = 0;
		};
/* End PBXResourcesBuildPhase section */

/* Begin PBXShellScriptBuildPhase section */
		0DB42F669EB282B316E38B91 /* [CP] Embed Pods Frameworks */ = {
			isa = PBXShellScriptBuildPhase;
			buildActionMask = 2147483647;
			files = (
			);
			inputFileListPaths = (
				"${PODS_ROOT}/Target Support Files/Pods-KwiksSandboxx/Pods-KwiksSandboxx-frameworks-${CONFIGURATION}-input-files.xcfilelist",
			);
			name = "[CP] Embed Pods Frameworks";
			outputFileListPaths = (
				"${PODS_ROOT}/Target Support Files/Pods-KwiksSandboxx/Pods-KwiksSandboxx-frameworks-${CONFIGURATION}-output-files.xcfilelist",
			);
			runOnlyForDeploymentPostprocessing = 0;
			shellPath = /bin/sh;
			shellScript = "\"${PODS_ROOT}/Target Support Files/Pods-KwiksSandboxx/Pods-KwiksSandboxx-frameworks.sh\"\n";
			showEnvVarsInLog = 0;
		};
		1D9B4E2FA0B1874C10E05206 /* [CP] Check Pods Manifest.lock */ = {
			isa = PBXShellScriptBuildPhase;
			buildActionMask = 2147483647;
			files = (
			);
			inputFileListPaths = (
			);
			inputPaths = (
				"${PODS_PODFILE_DIR_PATH}/Podfile.lock",
				"${PODS_ROOT}/Manifest.lock",
			);
			name = "[CP] Check Pods Manifest.lock";
			outputFileListPaths = (
			);
			outputPaths = (
				"$(DERIVED_FILE_DIR)/Pods-KwiksSandboxx-checkManifestLockResult.txt",
			);
			runOnlyForDeploymentPostprocessing = 0;
			shellPath = /bin/sh;
			shellScript = "diff \"${PODS_PODFILE_DIR_PATH}/Podfile.lock\" \"${PODS_ROOT}/Manifest.lock\" > /dev/null\nif [ $? != 0 ] ; then\n    # print error to STDERR\n    echo \"error: The sandbox is not in sync with the Podfile.lock. Run 'pod install' or update your CocoaPods installation.\" >&2\n    exit 1\nfi\n# This output is used by Xcode 'outputs' to avoid re-running this script phase.\necho \"SUCCESS\" > \"${SCRIPT_OUTPUT_FILE_0}\"\n";
			showEnvVarsInLog = 0;
		};
/* End PBXShellScriptBuildPhase section */

/* Begin PBXSourcesBuildPhase section */
		E35676CD29AD182F003B5E9A /* Sources */ = {
			isa = PBXSourcesBuildPhase;
			buildActionMask = 2147483647;
			files = (
				E35676D929AD182F003B5E9A /* MessagesContainer.swift in Sources */,
				E347448929DBA70B00E64B68 /* ChatCollection.swift in Sources */,
				E347447629DB641B00E64B68 /* Extensions.swift in Sources */,
				E347448529DB9BDF00E64B68 /* ChatMain.swift in Sources */,
				E365516D29CB6D0500F3D37E /* KwiksAlert.swift in Sources */,
				E347448B29DBAA4000E64B68 /* RequestView.swift in Sources */,
				E35676D529AD182F003B5E9A /* AppDelegate.swift in Sources */,
				E3D0831929D72ADB00CE82D9 /* ColorSheet.swift in Sources */,
				E365516829C7A7D000F3D37E /* FadeController.swift in Sources */,
				E347447929DB736A00E64B68 /* MessagesTable.swift in Sources */,
				E347448729DB9EA500E64B68 /* ChatHeader.swift in Sources */,
				E365516529C7A79B00F3D37E /* FadingCollection.swift in Sources */,
				E35676D729AD182F003B5E9A /* SceneDelegate.swift in Sources */,
				E347447329DB610700E64B68 /* MessagesHeader.swift in Sources */,
				E365516A29C7B16F00F3D37E /* Layout.swift in Sources */,
			);
			runOnlyForDeploymentPostprocessing = 0;
		};
/* End PBXSourcesBuildPhase section */

/* Begin PBXVariantGroup section */
		E35676DF29AD1831003B5E9A /* LaunchScreen.storyboard */ = {
			isa = PBXVariantGroup;
			children = (
				E35676E029AD1831003B5E9A /* Base */,
			);
			name = LaunchScreen.storyboard;
			sourceTree = "<group>";
		};
/* End PBXVariantGroup section */

/* Begin XCBuildConfiguration section */
		E35676E329AD1831003B5E9A /* Debug */ = {
			isa = XCBuildConfiguration;
			buildSettings = {
				ALWAYS_SEARCH_USER_PATHS = NO;
				CLANG_ANALYZER_NONNULL = YES;
				CLANG_ANALYZER_NUMBER_OBJECT_CONVERSION = YES_AGGRESSIVE;
				CLANG_CXX_LANGUAGE_STANDARD = "gnu++20";
				CLANG_ENABLE_MODULES = YES;
				CLANG_ENABLE_OBJC_ARC = YES;
				CLANG_ENABLE_OBJC_WEAK = YES;
				CLANG_WARN_BLOCK_CAPTURE_AUTORELEASING = YES;
				CLANG_WARN_BOOL_CONVERSION = YES;
				CLANG_WARN_COMMA = YES;
				CLANG_WARN_CONSTANT_CONVERSION = YES;
				CLANG_WARN_DEPRECATED_OBJC_IMPLEMENTATIONS = YES;
				CLANG_WARN_DIRECT_OBJC_ISA_USAGE = YES_ERROR;
				CLANG_WARN_DOCUMENTATION_COMMENTS = YES;
				CLANG_WARN_EMPTY_BODY = YES;
				CLANG_WARN_ENUM_CONVERSION = YES;
				CLANG_WARN_INFINITE_RECURSION = YES;
				CLANG_WARN_INT_CONVERSION = YES;
				CLANG_WARN_NON_LITERAL_NULL_CONVERSION = YES;
				CLANG_WARN_OBJC_IMPLICIT_RETAIN_SELF = YES;
				CLANG_WARN_OBJC_LITERAL_CONVERSION = YES;
				CLANG_WARN_OBJC_ROOT_CLASS = YES_ERROR;
				CLANG_WARN_QUOTED_INCLUDE_IN_FRAMEWORK_HEADER = YES;
				CLANG_WARN_RANGE_LOOP_ANALYSIS = YES;
				CLANG_WARN_STRICT_PROTOTYPES = YES;
				CLANG_WARN_SUSPICIOUS_MOVE = YES;
				CLANG_WARN_UNGUARDED_AVAILABILITY = YES_AGGRESSIVE;
				CLANG_WARN_UNREACHABLE_CODE = YES;
				CLANG_WARN__DUPLICATE_METHOD_MATCH = YES;
				COPY_PHASE_STRIP = NO;
				DEBUG_INFORMATION_FORMAT = dwarf;
				ENABLE_STRICT_OBJC_MSGSEND = YES;
				ENABLE_TESTABILITY = YES;
				GCC_C_LANGUAGE_STANDARD = gnu11;
				GCC_DYNAMIC_NO_PIC = NO;
				GCC_NO_COMMON_BLOCKS = YES;
				GCC_OPTIMIZATION_LEVEL = 0;
				GCC_PREPROCESSOR_DEFINITIONS = (
					"DEBUG=1",
					"$(inherited)",
				);
				GCC_WARN_64_TO_32_BIT_CONVERSION = YES;
				GCC_WARN_ABOUT_RETURN_TYPE = YES_ERROR;
				GCC_WARN_UNDECLARED_SELECTOR = YES;
				GCC_WARN_UNINITIALIZED_AUTOS = YES_AGGRESSIVE;
				GCC_WARN_UNUSED_FUNCTION = YES;
				GCC_WARN_UNUSED_VARIABLE = YES;
				IPHONEOS_DEPLOYMENT_TARGET = 16.0;
				MTL_ENABLE_DEBUG_INFO = INCLUDE_SOURCE;
				MTL_FAST_MATH = YES;
				ONLY_ACTIVE_ARCH = YES;
				SDKROOT = iphoneos;
				SWIFT_ACTIVE_COMPILATION_CONDITIONS = DEBUG;
				SWIFT_OPTIMIZATION_LEVEL = "-Onone";
			};
			name = Debug;
		};
		E35676E429AD1831003B5E9A /* Release */ = {
			isa = XCBuildConfiguration;
			buildSettings = {
				ALWAYS_SEARCH_USER_PATHS = NO;
				CLANG_ANALYZER_NONNULL = YES;
				CLANG_ANALYZER_NUMBER_OBJECT_CONVERSION = YES_AGGRESSIVE;
				CLANG_CXX_LANGUAGE_STANDARD = "gnu++20";
				CLANG_ENABLE_MODULES = YES;
				CLANG_ENABLE_OBJC_ARC = YES;
				CLANG_ENABLE_OBJC_WEAK = YES;
				CLANG_WARN_BLOCK_CAPTURE_AUTORELEASING = YES;
				CLANG_WARN_BOOL_CONVERSION = YES;
				CLANG_WARN_COMMA = YES;
				CLANG_WARN_CONSTANT_CONVERSION = YES;
				CLANG_WARN_DEPRECATED_OBJC_IMPLEMENTATIONS = YES;
				CLANG_WARN_DIRECT_OBJC_ISA_USAGE = YES_ERROR;
				CLANG_WARN_DOCUMENTATION_COMMENTS = YES;
				CLANG_WARN_EMPTY_BODY = YES;
				CLANG_WARN_ENUM_CONVERSION = YES;
				CLANG_WARN_INFINITE_RECURSION = YES;
				CLANG_WARN_INT_CONVERSION = YES;
				CLANG_WARN_NON_LITERAL_NULL_CONVERSION = YES;
				CLANG_WARN_OBJC_IMPLICIT_RETAIN_SELF = YES;
				CLANG_WARN_OBJC_LITERAL_CONVERSION = YES;
				CLANG_WARN_OBJC_ROOT_CLASS = YES_ERROR;
				CLANG_WARN_QUOTED_INCLUDE_IN_FRAMEWORK_HEADER = YES;
				CLANG_WARN_RANGE_LOOP_ANALYSIS = YES;
				CLANG_WARN_STRICT_PROTOTYPES = YES;
				CLANG_WARN_SUSPICIOUS_MOVE = YES;
				CLANG_WARN_UNGUARDED_AVAILABILITY = YES_AGGRESSIVE;
				CLANG_WARN_UNREACHABLE_CODE = YES;
				CLANG_WARN__DUPLICATE_METHOD_MATCH = YES;
				COPY_PHASE_STRIP = NO;
				DEBUG_INFORMATION_FORMAT = "dwarf-with-dsym";
				ENABLE_NS_ASSERTIONS = NO;
				ENABLE_STRICT_OBJC_MSGSEND = YES;
				GCC_C_LANGUAGE_STANDARD = gnu11;
				GCC_NO_COMMON_BLOCKS = YES;
				GCC_WARN_64_TO_32_BIT_CONVERSION = YES;
				GCC_WARN_ABOUT_RETURN_TYPE = YES_ERROR;
				GCC_WARN_UNDECLARED_SELECTOR = YES;
				GCC_WARN_UNINITIALIZED_AUTOS = YES_AGGRESSIVE;
				GCC_WARN_UNUSED_FUNCTION = YES;
				GCC_WARN_UNUSED_VARIABLE = YES;
				IPHONEOS_DEPLOYMENT_TARGET = 16.0;
				MTL_ENABLE_DEBUG_INFO = NO;
				MTL_FAST_MATH = YES;
				SDKROOT = iphoneos;
				SWIFT_COMPILATION_MODE = wholemodule;
				SWIFT_OPTIMIZATION_LEVEL = "-O";
				VALIDATE_PRODUCT = YES;
			};
			name = Release;
		};
		E35676E629AD1831003B5E9A /* Debug */ = {
			isa = XCBuildConfiguration;
			baseConfigurationReference = 35C8784C83C9B8DCE945FC54 /* Pods-KwiksSandboxx.debug.xcconfig */;
			buildSettings = {
				ASSETCATALOG_COMPILER_APPICON_NAME = AppIcon;
				ASSETCATALOG_COMPILER_GLOBAL_ACCENT_COLOR_NAME = AccentColor;
				CODE_SIGN_STYLE = Automatic;
				CURRENT_PROJECT_VERSION = 1;
				DEVELOPMENT_TEAM = 352SEZ76Q7;
				GENERATE_INFOPLIST_FILE = YES;
				INFOPLIST_FILE = KwiksSandboxx/Info.plist;
				INFOPLIST_KEY_UIApplicationSupportsIndirectInputEvents = YES;
				INFOPLIST_KEY_UILaunchStoryboardName = LaunchScreen;
				INFOPLIST_KEY_UIMainStoryboardFile = "";
				INFOPLIST_KEY_UISupportedInterfaceOrientations_iPad = "UIInterfaceOrientationPortrait UIInterfaceOrientationPortraitUpsideDown UIInterfaceOrientationLandscapeLeft UIInterfaceOrientationLandscapeRight";
				INFOPLIST_KEY_UISupportedInterfaceOrientations_iPhone = "UIInterfaceOrientationPortrait UIInterfaceOrientationLandscapeLeft UIInterfaceOrientationLandscapeRight";
				IPHONEOS_DEPLOYMENT_TARGET = 15.0;
				LD_RUNPATH_SEARCH_PATHS = (
					"$(inherited)",
					"@executable_path/Frameworks",
				);
				MARKETING_VERSION = 1.0;
				PRODUCT_BUNDLE_IDENTIFIER = com.noimpactapplicationskwiks.KwiksSandboxx;
				PRODUCT_NAME = "$(TARGET_NAME)";
				SWIFT_EMIT_LOC_STRINGS = YES;
				SWIFT_VERSION = 5.0;
				TARGETED_DEVICE_FAMILY = "1,2";
			};
			name = Debug;
		};
		E35676E729AD1831003B5E9A /* Release */ = {
			isa = XCBuildConfiguration;
			baseConfigurationReference = 1C41B1830F67B1F20B44BD5C /* Pods-KwiksSandboxx.release.xcconfig */;
			buildSettings = {
				ASSETCATALOG_COMPILER_APPICON_NAME = AppIcon;
				ASSETCATALOG_COMPILER_GLOBAL_ACCENT_COLOR_NAME = AccentColor;
				CODE_SIGN_STYLE = Automatic;
				CURRENT_PROJECT_VERSION = 1;
				DEVELOPMENT_TEAM = 352SEZ76Q7;
				GENERATE_INFOPLIST_FILE = YES;
				INFOPLIST_FILE = KwiksSandboxx/Info.plist;
				INFOPLIST_KEY_UIApplicationSupportsIndirectInputEvents = YES;
				INFOPLIST_KEY_UILaunchStoryboardName = LaunchScreen;
				INFOPLIST_KEY_UIMainStoryboardFile = "";
				INFOPLIST_KEY_UISupportedInterfaceOrientations_iPad = "UIInterfaceOrientationPortrait UIInterfaceOrientationPortraitUpsideDown UIInterfaceOrientationLandscapeLeft UIInterfaceOrientationLandscapeRight";
				INFOPLIST_KEY_UISupportedInterfaceOrientations_iPhone = "UIInterfaceOrientationPortrait UIInterfaceOrientationLandscapeLeft UIInterfaceOrientationLandscapeRight";
				IPHONEOS_DEPLOYMENT_TARGET = 15.0;
				LD_RUNPATH_SEARCH_PATHS = (
					"$(inherited)",
					"@executable_path/Frameworks",
				);
				MARKETING_VERSION = 1.0;
				PRODUCT_BUNDLE_IDENTIFIER = com.noimpactapplicationskwiks.KwiksSandboxx;
				PRODUCT_NAME = "$(TARGET_NAME)";
				SWIFT_EMIT_LOC_STRINGS = YES;
				SWIFT_VERSION = 5.0;
				TARGETED_DEVICE_FAMILY = "1,2";
			};
			name = Release;
		};
/* End XCBuildConfiguration section */

/* Begin XCConfigurationList section */
		E35676CC29AD182F003B5E9A /* Build configuration list for PBXProject "KwiksSandboxx" */ = {
			isa = XCConfigurationList;
			buildConfigurations = (
				E35676E329AD1831003B5E9A /* Debug */,
				E35676E429AD1831003B5E9A /* Release */,
			);
			defaultConfigurationIsVisible = 0;
			defaultConfigurationName = Release;
		};
		E35676E529AD1831003B5E9A /* Build configuration list for PBXNativeTarget "KwiksSandboxx" */ = {
			isa = XCConfigurationList;
			buildConfigurations = (
				E35676E629AD1831003B5E9A /* Debug */,
				E35676E729AD1831003B5E9A /* Release */,
			);
			defaultConfigurationIsVisible = 0;
			defaultConfigurationName = Release;
		};
/* End XCConfigurationList section */
	};
	rootObject = E35676C929AD182F003B5E9A /* Project object */;
}
